
Microsoft Visual Studio Solution File, Format Version 12.00
# Visual Studio Version 17
VisualStudioVersion = 17.3.32819.101
MinimumVisualStudioVersion = 10.0.40219.1
Project("{9A19103F-16F7-4668-BE54-9A1E7A4F7556}") = "ChatBubbles", "ChatBubbles\ChatBubbles.csproj", "{BB289F2C-930C-4959-910E-992B2228E550}"
EndProject
Global
	GlobalSection(SolutionConfigurationPlatforms) = preSolution
		Debug|x64 = Debug|x64
		Release|x64 = Release|x64
	EndGlobalSection
	GlobalSection(ProjectConfigurationPlatforms) = postSolution
		{BB289F2C-930C-4959-910E-992B2228E550}.Debug|x64.ActiveCfg = Debug|x64
		{BB289F2C-930C-4959-910E-992B2228E550}.Debug|x64.Build.0 = Debug|x64
		{BB289F2C-930C-4959-910E-992B2228E550}.Release|x64.ActiveCfg = Release|Any CPU
		{BB289F2C-930C-4959-910E-992B2228E550}.Release|x64.Build.0 = Release|Any CPU
	EndGlobalSection
	GlobalSection(SolutionProperties) = preSolution
		HideSolutionNode = FALSE
	EndGlobalSection
	GlobalSection(ExtensibilityGlobals) = postSolution
		SolutionGuid = {8CB0953A-E7A4-47D4-93D4-D51FF9662126}
	EndGlobalSection
EndGlobal
